
Microsoft Visual Studio Solution File, Format Version 12.00
# Visual Studio Version 16
VisualStudioVersion = 16.0.31729.503
MinimumVisualStudioVersion = 10.0.40219.1
Project("{FAE04EC0-301F-11D3-BF4B-00C04F79EFBC}") = "dataBaseWPF", "dataBaseWPF\dataBaseWPF.csproj", "{874D923A-4862-4263-9E96-BCABAA59E3D1}"
EndProject
Global
	GlobalSection(SolutionConfigurationPlatforms) = preSolution
		Debug|Any CPU = Debug|Any CPU
		Release|Any CPU = Release|Any CPU
	EndGlobalSection
	GlobalSection(ProjectConfigurationPlatforms) = postSolution
		{874D923A-4862-4263-9E96-BCABAA59E3D1}.Debug|Any CPU.ActiveCfg = Debug|Any CPU
		{874D923A-4862-4263-9E96-BCABAA59E3D1}.Debug|Any CPU.Build.0 = Debug|Any CPU
		{874D923A-4862-4263-9E96-BCABAA59E3D1}.Release|Any CPU.ActiveCfg = Release|Any CPU
		{874D923A-4862-4263-9E96-BCABAA59E3D1}.Release|Any CPU.Build.0 = Release|Any CPU
	EndGlobalSection
	GlobalSection(SolutionProperties) = preSolution
		HideSolutionNode = FALSE
	EndGlobalSection
	GlobalSection(ExtensibilityGlobals) = postSolution
		SolutionGuid = {C4DEC778-0556-4B21-860C-7EB547327914}
	EndGlobalSection
EndGlobal
